
Microsoft Visual Studio Solution File, Format Version 12.00
# Visual Studio Version 17
VisualStudioVersion = 17.0.32112.339
MinimumVisualStudioVersion = 10.0.40219.1
Project("{9A19103F-16F7-4668-BE54-9A1E7A4F7556}") = "CounterFromServer", "CounterFromServer\CounterFromServer.csproj", "{9042933F-A710-496D-B733-37F100E87E17}"
EndProject
Project("{9A19103F-16F7-4668-BE54-9A1E7A4F7556}") = "Delegates", "Delegates\Delegates.csproj", "{89B942A4-A0A1-4F38-A045-8E1FD5F22C3B}"
EndProject
Global
	GlobalSection(SolutionConfigurationPlatforms) = preSolution
		Debug|Any CPU = Debug|Any CPU
		Release|Any CPU = Release|Any CPU
	EndGlobalSection
	GlobalSection(ProjectConfigurationPlatforms) = postSolution
		{9042933F-A710-496D-B733-37F100E87E17}.Debug|Any CPU.ActiveCfg = Debug|Any CPU
		{9042933F-A710-496D-B733-37F100E87E17}.Debug|Any CPU.Build.0 = Debug|Any CPU
		{9042933F-A710-496D-B733-37F100E87E17}.Release|Any CPU.ActiveCfg = Release|Any CPU
		{9042933F-A710-496D-B733-37F100E87E17}.Release|Any CPU.Build.0 = Release|Any CPU
		{89B942A4-A0A1-4F38-A045-8E1FD5F22C3B}.Debug|Any CPU.ActiveCfg = Debug|Any CPU
		{89B942A4-A0A1-4F38-A045-8E1FD5F22C3B}.Debug|Any CPU.Build.0 = Debug|Any CPU
		{89B942A4-A0A1-4F38-A045-8E1FD5F22C3B}.Release|Any CPU.ActiveCfg = Release|Any CPU
		{89B942A4-A0A1-4F38-A045-8E1FD5F22C3B}.Release|Any CPU.Build.0 = Release|Any CPU
	EndGlobalSection
	GlobalSection(SolutionProperties) = preSolution
		HideSolutionNode = FALSE
	EndGlobalSection
	GlobalSection(ExtensibilityGlobals) = postSolution
		SolutionGuid = {F06A8EFE-E72D-48A2-B305-2783D4EBEDB7}
	EndGlobalSection
EndGlobal
